// !$*UTF8*$!
{
	archiveVersion = 1;
	classes = {
	};
	objectVersion = 55;
	objects = {

/* Begin PBXBuildFile section */
		9136B763276150E700A70393 /* TableViewCell.swift in Sources */ = {isa = PBXBuildFile; fileRef = 9136B762276150E700A70393 /* TableViewCell.swift */; };
		91D3A8CD2759B60D003A9789 /* AppDelegate.swift in Sources */ = {isa = PBXBuildFile; fileRef = 91D3A8CC2759B60D003A9789 /* AppDelegate.swift */; };
		91D3A8CF2759B60D003A9789 /* SceneDelegate.swift in Sources */ = {isa = PBXBuildFile; fileRef = 91D3A8CE2759B60D003A9789 /* SceneDelegate.swift */; };
		91D3A8D12759B60D003A9789 /* ViewController.swift in Sources */ = {isa = PBXBuildFile; fileRef = 91D3A8D02759B60D003A9789 /* ViewController.swift */; };
		91D3A8D42759B60D003A9789 /* Main.storyboard in Resources */ = {isa = PBXBuildFile; fileRef = 91D3A8D22759B60D003A9789 /* Main.storyboard */; };
		91D3A8D62759B611003A9789 /* Assets.xcassets in Resources */ = {isa = PBXBuildFile; fileRef = 91D3A8D52759B611003A9789 /* Assets.xcassets */; };
		91D3A8D92759B611003A9789 /* LaunchScreen.storyboard in Resources */ = {isa = PBXBuildFile; fileRef = 91D3A8D72759B611003A9789 /* LaunchScreen.storyboard */; };
		91D3A8E12759C2A5003A9789 /* Bukhari Script.ttf in Resources */ = {isa = PBXBuildFile; fileRef = 91D3A8E02759C2A5003A9789 /* Bukhari Script.ttf */; };
/* End PBXBuildFile section */

/* Begin PBXFileReference section */
		9136B762276150E700A70393 /* TableViewCell.swift */ = {isa = PBXFileReference; lastKnownFileType = sourcecode.swift; path = TableViewCell.swift; sourceTree = "<group>"; };
		91D3A8C92759B60D003A9789 /* todoo app.app */ = {isa = PBXFileReference; explicitFileType = wrapper.application; includeInIndex = 0; path = "todoo app.app"; sourceTree = BUILT_PRODUCTS_DIR; };
		91D3A8CC2759B60D003A9789 /* AppDelegate.swift */ = {isa = PBXFileReference; lastKnownFileType = sourcecode.swift; path = AppDelegate.swift; sourceTree = "<group>"; };
		91D3A8CE2759B60D003A9789 /* SceneDelegate.swift */ = {isa = PBXFileReference; lastKnownFileType = sourcecode.swift; path = SceneDelegate.swift; sourceTree = "<group>"; };
		91D3A8D02759B60D003A9789 /* ViewController.swift */ = {isa = PBXFileReference; lastKnownFileType = sourcecode.swift; path = ViewController.swift; sourceTree = "<group>"; };
		91D3A8D32759B60D003A9789 /* Base */ = {isa = PBXFileReference; lastKnownFileType = file.storyboard; name = Base; path = Base.lproj/Main.storyboard; sourceTree = "<group>"; };
		91D3A8D52759B611003A9789 /* Assets.xcassets */ = {isa = PBXFileReference; lastKnownFileType = folder.assetcatalog; path = Assets.xcassets; sourceTree = "<group>"; };
		91D3A8D82759B611003A9789 /* Base */ = {isa = PBXFileReference; lastKnownFileType = file.storyboard; name = Base; path = Base.lproj/LaunchScreen.storyboard; sourceTree = "<group>"; };
		91D3A8DA2759B611003A9789 /* Info.plist */ = {isa = PBXFileReference; lastKnownFileType = text.plist.xml; path = Info.plist; sourceTree = "<group>"; };
		91D3A8E02759C2A5003A9789 /* Bukhari Script.ttf */ = {isa = PBXFileReference; lastKnownFileType = file; path = "Bukhari Script.ttf"; sourceTree = "<group>"; };
/* End PBXFileReference section */

/* Begin PBXFrameworksBuildPhase section */
		91D3A8C62759B60D003A9789 /* Frameworks */ = {
			isa = PBXFrameworksBuildPhase;
			buildActionMask = 2147483647;
			files = (
			);
			runOnlyForDeploymentPostprocessing = 0;
		};
/* End PBXFrameworksBuildPhase section */

/* Begin PBXGroup section */
		91D3A8C02759B60D003A9789 = {
			isa = PBXGroup;
			children = (
				91D3A8CB2759B60D003A9789 /* todoo app */,
				91D3A8CA2759B60D003A9789 /* Products */,
			);
			sourceTree = "<group>";
		};
		91D3A8CA2759B60D003A9789 /* Products */ = {
			isa = PBXGroup;
			children = (
				91D3A8C92759B60D003A9789 /* todoo app.app */,
			);
			name = Products;
			sourceTree = "<group>";
		};
		91D3A8CB2759B60D003A9789 /* todoo app */ = {
			isa = PBXGroup;
			children = (
				91D3A8CC2759B60D003A9789 /* AppDelegate.swift */,
				91D3A8CE2759B60D003A9789 /* SceneDelegate.swift */,
				91D3A8D02759B60D003A9789 /* ViewController.swift */,
				91D3A8D22759B60D003A9789 /* Main.storyboard */,
				9136B762276150E700A70393 /* TableViewCell.swift */,
				91D3A8E02759C2A5003A9789 /* Bukhari Script.ttf */,
				91D3A8D52759B611003A9789 /* Assets.xcassets */,
				91D3A8D72759B611003A9789 /* LaunchScreen.storyboard */,
				91D3A8DA2759B611003A9789 /* Info.plist */,
			);
			path = "todoo app";
			sourceTree = "<group>";
		};
/* End PBXGroup section */

/* Begin PBXNativeTarget section */
		91D3A8C82759B60D003A9789 /* todoo app */ = {
			isa = PBXNativeTarget;
			buildConfigurationList = 91D3A8DD2759B611003A9789 /* Build configuration list for PBXNativeTarget "todoo app" */;
			buildPhases = (
				91D3A8C52759B60D003A9789 /* Sources */,
				91D3A8C62759B60D003A9789 /* Frameworks */,
				91D3A8C72759B60D003A9789 /* Resources */,
			);
			buildRules = (
			);
			dependencies = (
			);
			name = "todoo app";
			productName = "todoo app";
			productReference = 91D3A8C92759B60D003A9789 /* todoo app.app */;
			productType = "com.apple.product-type.application";
		};
/* End PBXNativeTarget section */

/* Begin PBXProject section */
		91D3A8C12759B60D003A9789 /* Project object */ = {
			isa = PBXProject;
			attributes = {
				BuildIndependentTargetsInParallel = 1;
				LastSwiftUpdateCheck = 1310;
				LastUpgradeCheck = 1310;
				TargetAttributes = {
					91D3A8C82759B60D003A9789 = {
						CreatedOnToolsVersion = 13.1;
					};
				};
			};
			buildConfigurationList = 91D3A8C42759B60D003A9789 /* Build configuration list for PBXProject "todoo app" */;
			compatibilityVersion = "Xcode 13.0";
			developmentRegion = en;
			hasScannedForEncodings = 0;
			knownRegions = (
				en,
				Base,
			);
			mainGroup = 91D3A8C02759B60D003A9789;
			productRefGroup = 91D3A8CA2759B60D003A9789 /* Products */;
			projectDirPath = "";
			projectRoot = "";
			targets = (
				91D3A8C82759B60D003A9789 /* todoo app */,
			);
		};
/* End PBXProject section */

/* Begin PBXResourcesBuildPhase section */
		91D3A8C72759B60D003A9789 /* Resources */ = {
			isa = PBXResourcesBuildPhase;
			buildActionMask = 2147483647;
			files = (
				91D3A8D92759B611003A9789 /* LaunchScreen.storyboard in Resources */,
				91D3A8E12759C2A5003A9789 /* Bukhari Script.ttf in Resources */,
				91D3A8D62759B611003A9789 /* Assets.xcassets in Resources */,
				91D3A8D42759B60D003A9789 /* Main.storyboard in Resources */,
			);
			runOnlyForDeploymentPostprocessing = 0;
		};
/* End PBXResourcesBuildPhase section */

/* Begin PBXSourcesBuildPhase section */
		91D3A8C52759B60D003A9789 /* Sources */ = {
			isa = PBXSourcesBuildPhase;
			buildActionMask = 2147483647;
			files = (
				91D3A8D12759B60D003A9789 /* ViewController.swift in Sources */,
				9136B763276150E700A70393 /* TableViewCell.swift in Sources */,
				91D3A8CD2759B60D003A9789 /* AppDelegate.swift in Sources */,
				91D3A8CF2759B60D003A9789 /* SceneDelegate.swift in Sources */,
			);
			runOnlyForDeploymentPostprocessing = 0;
		};
/* End PBXSourcesBuildPhase section */

/* Begin PBXVariantGroup section */
		91D3A8D22759B60D003A9789 /* Main.storyboard */ = {
			isa = PBXVariantGroup;
			children = (
				91D3A8D32759B60D003A9789 /* Base */,
			);
			name = Main.storyboard;
			sourceTree = "<group>";
		};
		91D3A8D72759B611003A9789 /* LaunchScreen.storyboard */ = {
			isa = PBXVariantGroup;
			children = (
				91D3A8D82759B611003A9789 /* Base */,
			);
			name = LaunchScreen.storyboard;
			sourceTree = "<group>";
		};
/* End PBXVariantGroup section */

/* Begin XCBuildConfiguration section */
		91D3A8DB2759B611003A9789 /* Debug */ = {
			isa = XCBuildConfiguration;
			buildSettings = {
				ALWAYS_SEARCH_USER_PATHS = NO;
				CLANG_ANALYZER_NONNULL = YES;
				CLANG_ANALYZER_NUMBER_OBJECT_CONVERSION = YES_AGGRESSIVE;
				CLANG_CXX_LANGUAGE_STANDARD = "gnu++17";
				CLANG_CXX_LIBRARY = "libc++";
				CLANG_ENABLE_MODULES = YES;
				CLANG_ENABLE_OBJC_ARC = YES;
				CLANG_ENABLE_OBJC_WEAK = YES;
				CLANG_WARN_BLOCK_CAPTURE_AUTORELEASING = YES;
				CLANG_WARN_BOOL_CONVERSION = YES;
				CLANG_WARN_COMMA = YES;
				CLANG_WARN_CONSTANT_CONVERSION = YES;
				CLANG_WARN_DEPRECATED_OBJC_IMPLEMENTATIONS = YES;
				CLANG_WARN_DIRECT_OBJC_ISA_USAGE = YES_ERROR;
				CLANG_WARN_DOCUMENTATION_COMMENTS = YES;
				CLANG_WARN_EMPTY_BODY = YES;
				CLANG_WARN_ENUM_CONVERSION = YES;
				CLANG_WARN_INFINITE_RECURSION = YES;
				CLANG_WARN_INT_CONVERSION = YES;
				CLANG_WARN_NON_LITERAL_NULL_CONVERSION = YES;
				CLANG_WARN_OBJC_IMPLICIT_RETAIN_SELF = YES;
				CLANG_WARN_OBJC_LITERAL_CONVERSION = YES;
				CLANG_WARN_OBJC_ROOT_CLASS = YES_ERROR;
				CLANG_WARN_QUOTED_INCLUDE_IN_FRAMEWORK_HEADER = YES;
				CLANG_WARN_RANGE_LOOP_ANALYSIS = YES;
				CLANG_WARN_STRICT_PROTOTYPES = YES;
				CLANG_WARN_SUSPICIOUS_MOVE = YES;
				CLANG_WARN_UNGUARDED_AVAILABILITY = YES_AGGRESSIVE;
				CLANG_WARN_UNREACHABLE_CODE = YES;
				CLANG_WARN__DUPLICATE_METHOD_MATCH = YES;
				COPY_PHASE_STRIP = NO;
				DEBUG_INFORMATION_FORMAT = dwarf;
				ENABLE_STRICT_OBJC_MSGSEND = YES;
				ENABLE_TESTABILITY = YES;
				GCC_C_LANGUAGE_STANDARD = gnu11;
				GCC_DYNAMIC_NO_PIC = NO;
				GCC_NO_COMMON_BLOCKS = YES;
				GCC_OPTIMIZATION_LEVEL = 0;
				GCC_PREPROCESSOR_DEFINITIONS = (
					"DEBUG=1",
					"$(inherited)",
				);
				GCC_WARN_64_TO_32_BIT_CONVERSION = YES;
				GCC_WARN_ABOUT_RETURN_TYPE = YES_ERROR;
				GCC_WARN_UNDECLARED_SELECTOR = YES;
				GCC_WARN_UNINITIALIZED_AUTOS = YES_AGGRESSIVE;
				GCC_WARN_UNUSED_FUNCTION = YES;
				GCC_WARN_UNUSED_VARIABLE = YES;
				IPHONEOS_DEPLOYMENT_TARGET = 15.0;
				MTL_ENABLE_DEBUG_INFO = INCLUDE_SOURCE;
				MTL_FAST_MATH = YES;
				ONLY_ACTIVE_ARCH = YES;
				SDKROOT = iphoneos;
				SWIFT_ACTIVE_COMPILATION_CONDITIONS = DEBUG;
				SWIFT_OPTIMIZATION_LEVEL = "-Onone";
			};
			name = Debug;
		};
		91D3A8DC2759B611003A9789 /* Release */ = {
			isa = XCBuildConfiguration;
			buildSettings = {
				ALWAYS_SEARCH_USER_PATHS = NO;
				CLANG_ANALYZER_NONNULL = YES;
				CLANG_ANALYZER_NUMBER_OBJECT_CONVERSION = YES_AGGRESSIVE;
				CLANG_CXX_LANGUAGE_STANDARD = "gnu++17";
				CLANG_CXX_LIBRARY = "libc++";
				CLANG_ENABLE_MODULES = YES;
				CLANG_ENABLE_OBJC_ARC = YES;
				CLANG_ENABLE_OBJC_WEAK = YES;
				CLANG_WARN_BLOCK_CAPTURE_AUTORELEASING = YES;
				CLANG_WARN_BOOL_CONVERSION = YES;
				CLANG_WARN_COMMA = YES;
				CLANG_WARN_CONSTANT_CONVERSION = YES;
				CLANG_WARN_DEPRECATED_OBJC_IMPLEMENTATIONS = YES;
				CLANG_WARN_DIRECT_OBJC_ISA_USAGE = YES_ERROR;
				CLANG_WARN_DOCUMENTATION_COMMENTS = YES;
				CLANG_WARN_EMPTY_BODY = YES;
				CLANG_WARN_ENUM_CONVERSION = YES;
				CLANG_WARN_INFINITE_RECURSION = YES;
				CLANG_WARN_INT_CONVERSION = YES;
				CLANG_WARN_NON_LITERAL_NULL_CONVERSION = YES;
				CLANG_WARN_OBJC_IMPLICIT_RETAIN_SELF = YES;
				CLANG_WARN_OBJC_LITERAL_CONVERSION = YES;
				CLANG_WARN_OBJC_ROOT_CLASS = YES_ERROR;
				CLANG_WARN_QUOTED_INCLUDE_IN_FRAMEWORK_HEADER = YES;
				CLANG_WARN_RANGE_LOOP_ANALYSIS = YES;
				CLANG_WARN_STRICT_PROTOTYPES = YES;
				CLANG_WARN_SUSPICIOUS_MOVE = YES;
				CLANG_WARN_UNGUARDED_AVAILABILITY = YES_AGGRESSIVE;
				CLANG_WARN_UNREACHABLE_CODE = YES;
				CLANG_WARN__DUPLICATE_METHOD_MATCH = YES;
				COPY_PHASE_STRIP = NO;
				DEBUG_INFORMATION_FORMAT = "dwarf-with-dsym";
				ENABLE_NS_ASSERTIONS = NO;
				ENABLE_STRICT_OBJC_MSGSEND = YES;
				GCC_C_LANGUAGE_STANDARD = gnu11;
				GCC_NO_COMMON_BLOCKS = YES;
				GCC_WARN_64_TO_32_BIT_CONVERSION = YES;
				GCC_WARN_ABOUT_RETURN_TYPE = YES_ERROR;
				GCC_WARN_UNDECLARED_SELECTOR = YES;
				GCC_WARN_UNINITIALIZED_AUTOS = YES_AGGRESSIVE;
				GCC_WARN_UNUSED_FUNCTION = YES;
				GCC_WARN_UNUSED_VARIABLE = YES;
				IPHONEOS_DEPLOYMENT_TARGET = 15.0;
				MTL_ENABLE_DEBUG_INFO = NO;
				MTL_FAST_MATH = YES;
				SDKROOT = iphoneos;
				SWIFT_COMPILATION_MODE = wholemodule;
				SWIFT_OPTIMIZATION_LEVEL = "-O";
				VALIDATE_PRODUCT = YES;
			};
			name = Release;
		};
		91D3A8DE2759B611003A9789 /* Debug */ = {
			isa = XCBuildConfiguration;
			buildSettings = {
				ASSETCATALOG_COMPILER_APPICON_NAME = AppIcon;
				ASSETCATALOG_COMPILER_GLOBAL_ACCENT_COLOR_NAME = AccentColor;
				CODE_SIGN_STYLE = Automatic;
				CURRENT_PROJECT_VERSION = 1;
				DEVELOPMENT_TEAM = 5AYV5SVRM8;
				GENERATE_INFOPLIST_FILE = YES;
				INFOPLIST_FILE = "todoo app/Info.plist";
				INFOPLIST_KEY_UIApplicationSupportsIndirectInputEvents = YES;
				INFOPLIST_KEY_UILaunchStoryboardName = LaunchScreen;
				INFOPLIST_KEY_UIMainStoryboardFile = Main;
				INFOPLIST_KEY_UISupportedInterfaceOrientations_iPad = "UIInterfaceOrientationPortrait UIInterfaceOrientationPortraitUpsideDown UIInterfaceOrientationLandscapeLeft UIInterfaceOrientationLandscapeRight";
				INFOPLIST_KEY_UISupportedInterfaceOrientations_iPhone = "UIInterfaceOrientationPortrait UIInterfaceOrientationLandscapeLeft UIInterfaceOrientationLandscapeRight";
				LD_RUNPATH_SEARCH_PATHS = (
					"$(inherited)",
					"@executable_path/Frameworks",
				);
				MARKETING_VERSION = 1.0;
				PRODUCT_BUNDLE_IDENTIFIER = "Here.todoo-app";
				PRODUCT_NAME = "$(TARGET_NAME)";
				SWIFT_EMIT_LOC_STRINGS = YES;
				SWIFT_VERSION = 5.0;
				TARGETED_DEVICE_FAMILY = "1,2";
			};
			name = Debug;
		};
		91D3A8DF2759B611003A9789 /* Release */ = {
			isa = XCBuildConfiguration;
			buildSettings = {
				ASSETCATALOG_COMPILER_APPICON_NAME = AppIcon;
				ASSETCATALOG_COMPILER_GLOBAL_ACCENT_COLOR_NAME = AccentColor;
				CODE_SIGN_STYLE = Automatic;
				CURRENT_PROJECT_VERSION = 1;
				DEVELOPMENT_TEAM = 5AYV5SVRM8;
				GENERATE_INFOPLIST_FILE = YES;
				INFOPLIST_FILE = "todoo app/Info.plist";
				INFOPLIST_KEY_UIApplicationSupportsIndirectInputEvents = YES;
				INFOPLIST_KEY_UILaunchStoryboardName = LaunchScreen;
				INFOPLIST_KEY_UIMainStoryboardFile = Main;
				INFOPLIST_KEY_UISupportedInterfaceOrientations_iPad = "UIInterfaceOrientationPortrait UIInterfaceOrientationPortraitUpsideDown UIInterfaceOrientationLandscapeLeft UIInterfaceOrientationLandscapeRight";
				INFOPLIST_KEY_UISupportedInterfaceOrientations_iPhone = "UIInterfaceOrientationPortrait UIInterfaceOrientationLandscapeLeft UIInterfaceOrientationLandscapeRight";
				LD_RUNPATH_SEARCH_PATHS = (
					"$(inherited)",
					"@executable_path/Frameworks",
				);
				MARKETING_VERSION = 1.0;
				PRODUCT_BUNDLE_IDENTIFIER = "Here.todoo-app";
				PRODUCT_NAME = "$(TARGET_NAME)";
				SWIFT_EMIT_LOC_STRINGS = YES;
				SWIFT_VERSION = 5.0;
				TARGETED_DEVICE_FAMILY = "1,2";
			};
			name = Release;
		};
/* End XCBuildConfiguration section */

/* Begin XCConfigurationList section */
		91D3A8C42759B60D003A9789 /* Build configuration list for PBXProject "todoo app" */ = {
			isa = XCConfigurationList;
			buildConfigurations = (
				91D3A8DB2759B611003A9789 /* Debug */,
				91D3A8DC2759B611003A9789 /* Release */,
			);
			defaultConfigurationIsVisible = 0;
			defaultConfigurationName = Release;
		};
		91D3A8DD2759B611003A9789 /* Build configuration list for PBXNativeTarget "todoo app" */ = {
			isa = XCConfigurationList;
			buildConfigurations = (
				91D3A8DE2759B611003A9789 /* Debug */,
				91D3A8DF2759B611003A9789 /* Release */,
			);
			defaultConfigurationIsVisible = 0;
			defaultConfigurationName = Release;
		};
/* End XCConfigurationList section */
	};
	rootObject = 91D3A8C12759B60D003A9789 /* Project object */;
}
